
Microsoft Visual Studio Solution File, Format Version 12.00
# Visual Studio Version 17
VisualStudioVersion = 17.7.34031.279
MinimumVisualStudioVersion = 10.0.40219.1
Project("{9A19103F-16F7-4668-BE54-9A1E7A4F7556}") = "W5HIXV_HFT_2023241.Models", "W5HIXV_HFT_2023241.Models\W5HIXV_HFT_2023241.Models.csproj", "{08FE8EA9-A767-4585-88A5-83ED6742E389}"
EndProject
Project("{9A19103F-16F7-4668-BE54-9A1E7A4F7556}") = "W5HIXV_HFT_2023241.Client", "W5HIXV_HFT_2023241.Client\W5HIXV_HFT_2023241.Client.csproj", "{90137797-C4A8-462F-9948-87778289A5DE}"
EndProject
Project("{9A19103F-16F7-4668-BE54-9A1E7A4F7556}") = "W5HIXV_HFT_2023241.Logic", "W5HIXV_HFT_2023241.Logic\W5HIXV_HFT_2023241.Logic.csproj", "{90A74020-D17A-4FB4-A423-E9E9C93E10BE}"
EndProject
Project("{9A19103F-16F7-4668-BE54-9A1E7A4F7556}") = "W5HIXV_HFT_2023241.Repository", "W5HIXV_HFT_2023241.Repository\W5HIXV_HFT_2023241.Repository.csproj", "{368C7517-08EB-413C-93B5-26E6EAA7600A}"
EndProject
Project("{9A19103F-16F7-4668-BE54-9A1E7A4F7556}") = "W5HIXV_HFT_2023241.Endpoint", "W5HIXV_HFT_2023241.Endpoint\W5HIXV_HFT_2023241.Endpoint.csproj", "{E9924D18-0398-4CDF-ACDD-A028145D87F2}"
EndProject
Project("{2150E333-8FDC-42A3-9474-1A3956D46DE8}") = "Barckend", "Barckend", "{CD17D000-6CB2-4362-AEBB-D78782D0256F}"
EndProject
Project("{2150E333-8FDC-42A3-9474-1A3956D46DE8}") = "Frontend", "Frontend", "{7B35E920-AC30-4861-A4CB-79C6638BF501}"
EndProject
Project("{2150E333-8FDC-42A3-9474-1A3956D46DE8}") = "Shared", "Shared", "{18C24BA5-D29F-4133-B95C-817C39CF7938}"
EndProject
Global
	GlobalSection(SolutionConfigurationPlatforms) = preSolution
		Debug|Any CPU = Debug|Any CPU
		Release|Any CPU = Release|Any CPU
	EndGlobalSection
	GlobalSection(ProjectConfigurationPlatforms) = postSolution
		{08FE8EA9-A767-4585-88A5-83ED6742E389}.Debug|Any CPU.ActiveCfg = Debug|Any CPU
		{08FE8EA9-A767-4585-88A5-83ED6742E389}.Debug|Any CPU.Build.0 = Debug|Any CPU
		{08FE8EA9-A767-4585-88A5-83ED6742E389}.Release|Any CPU.ActiveCfg = Release|Any CPU
		{08FE8EA9-A767-4585-88A5-83ED6742E389}.Release|Any CPU.Build.0 = Release|Any CPU
		{90137797-C4A8-462F-9948-87778289A5DE}.Debug|Any CPU.ActiveCfg = Debug|Any CPU
		{90137797-C4A8-462F-9948-87778289A5DE}.Debug|Any CPU.Build.0 = Debug|Any CPU
		{90137797-C4A8-462F-9948-87778289A5DE}.Release|Any CPU.ActiveCfg = Release|Any CPU
		{90137797-C4A8-462F-9948-87778289A5DE}.Release|Any CPU.Build.0 = Release|Any CPU
		{90A74020-D17A-4FB4-A423-E9E9C93E10BE}.Debug|Any CPU.ActiveCfg = Debug|Any CPU
		{90A74020-D17A-4FB4-A423-E9E9C93E10BE}.Debug|Any CPU.Build.0 = Debug|Any CPU
		{90A74020-D17A-4FB4-A423-E9E9C93E10BE}.Release|Any CPU.ActiveCfg = Release|Any CPU
		{90A74020-D17A-4FB4-A423-E9E9C93E10BE}.Release|Any CPU.Build.0 = Release|Any CPU
		{368C7517-08EB-413C-93B5-26E6EAA7600A}.Debug|Any CPU.ActiveCfg = Debug|Any CPU
		{368C7517-08EB-413C-93B5-26E6EAA7600A}.Debug|Any CPU.Build.0 = Debug|Any CPU
		{368C7517-08EB-413C-93B5-26E6EAA7600A}.Release|Any CPU.ActiveCfg = Release|Any CPU
		{368C7517-08EB-413C-93B5-26E6EAA7600A}.Release|Any CPU.Build.0 = Release|Any CPU
		{E9924D18-0398-4CDF-ACDD-A028145D87F2}.Debug|Any CPU.ActiveCfg = Debug|Any CPU
		{E9924D18-0398-4CDF-ACDD-A028145D87F2}.Debug|Any CPU.Build.0 = Debug|Any CPU
		{E9924D18-0398-4CDF-ACDD-A028145D87F2}.Release|Any CPU.ActiveCfg = Release|Any CPU
		{E9924D18-0398-4CDF-ACDD-A028145D87F2}.Release|Any CPU.Build.0 = Release|Any CPU
	EndGlobalSection
	GlobalSection(SolutionProperties) = preSolution
		HideSolutionNode = FALSE
	EndGlobalSection
	GlobalSection(NestedProjects) = preSolution
		{08FE8EA9-A767-4585-88A5-83ED6742E389} = {18C24BA5-D29F-4133-B95C-817C39CF7938}
		{90137797-C4A8-462F-9948-87778289A5DE} = {7B35E920-AC30-4861-A4CB-79C6638BF501}
		{90A74020-D17A-4FB4-A423-E9E9C93E10BE} = {CD17D000-6CB2-4362-AEBB-D78782D0256F}
		{368C7517-08EB-413C-93B5-26E6EAA7600A} = {CD17D000-6CB2-4362-AEBB-D78782D0256F}
		{E9924D18-0398-4CDF-ACDD-A028145D87F2} = {CD17D000-6CB2-4362-AEBB-D78782D0256F}
	EndGlobalSection
	GlobalSection(ExtensibilityGlobals) = postSolution
		SolutionGuid = {20FF38D9-ABA7-4725-8BDB-1AE8DC0017EE}
	EndGlobalSection
EndGlobal
